// !$*UTF8*$!
{
	archiveVersion = 1;
	classes = {
	};
	objectVersion = 56;
	objects = {

/* Begin PBXBuildFile section */
		870805212AF50BFB00A3E58E /* ActivityIndicatorAnimation.swift in Sources */ = {isa = PBXBuildFile; fileRef = 870805202AF50BFB00A3E58E /* ActivityIndicatorAnimation.swift */; };
		8717A9A32AD9A0A800E4EE50 /* errors.swift in Sources */ = {isa = PBXBuildFile; fileRef = 8717A9A22AD9A0A800E4EE50 /* errors.swift */; };
		873C58CF2B4546B700F470E9 /* CurrencyViewControllerTest.swift in Sources */ = {isa = PBXBuildFile; fileRef = 873C58CE2B4546B700F470E9 /* CurrencyViewControllerTest.swift */; };
		873C58D92B454C6200F470E9 /* TranslatorFakeData.json in Resources */ = {isa = PBXBuildFile; fileRef = 873C58D62B454C6200F470E9 /* TranslatorFakeData.json */; };
		873C58DB2B454CBA00F470E9 /* WeatherFakeData.json in Resources */ = {isa = PBXBuildFile; fileRef = 873C58DA2B454CBA00F470E9 /* WeatherFakeData.json */; };
		8742A0742B46A1A20053E7A2 /* CurrencyFakeRateData.json in Resources */ = {isa = PBXBuildFile; fileRef = 8742A0732B46A1A20053E7A2 /* CurrencyFakeRateData.json */; };
		8742A0752B46A1B50053E7A2 /* CurrencyFakeRateData.json in Resources */ = {isa = PBXBuildFile; fileRef = 8742A0732B46A1A20053E7A2 /* CurrencyFakeRateData.json */; };
		8742A0792B46D77C0053E7A2 /* MockUserDefaults.swift in Sources */ = {isa = PBXBuildFile; fileRef = 8742A0782B46D77C0053E7A2 /* MockUserDefaults.swift */; };
		8742A07B2B46F16C0053E7A2 /* ChangeRateTests.swift in Sources */ = {isa = PBXBuildFile; fileRef = 8742A07A2B46F16C0053E7A2 /* ChangeRateTests.swift */; };
		8742A07D2B4707DF0053E7A2 /* WeatherViewControllerTest.swift in Sources */ = {isa = PBXBuildFile; fileRef = 8742A07C2B4707DF0053E7A2 /* WeatherViewControllerTest.swift */; };
		876E98FA2AE6FFE700EE954E /* ChangeRateService.swift in Sources */ = {isa = PBXBuildFile; fileRef = 876E98F92AE6FFE700EE954E /* ChangeRateService.swift */; };
		87799E092B0E67C400180B39 /* ChangeRate.swift in Sources */ = {isa = PBXBuildFile; fileRef = 87799E082B0E67C400180B39 /* ChangeRate.swift */; };
		879C84952AEC0CB700E37AC8 /* CurrencyViewController.swift in Sources */ = {isa = PBXBuildFile; fileRef = 879C84942AEC0CB700E37AC8 /* CurrencyViewController.swift */; };
		87AF50DB2AC6C77500F3D5E6 /* WeatherViewController.swift in Sources */ = {isa = PBXBuildFile; fileRef = 87AF50DA2AC6C77500F3D5E6 /* WeatherViewController.swift */; };
		87B87EEA2B07A88000C226E4 /* UrlSessionFake.swift in Sources */ = {isa = PBXBuildFile; fileRef = 8717A9A42AD9A3BC00E4EE50 /* UrlSessionFake.swift */; };
		87B87EED2B07A98500C226E4 /* FakeCurrencyResponseData.swift in Sources */ = {isa = PBXBuildFile; fileRef = 87B87EEC2B07A98500C226E4 /* FakeCurrencyResponseData.swift */; };
		87B87EF02B07A9F600C226E4 /* TranslatorServiceTests.swift in Sources */ = {isa = PBXBuildFile; fileRef = 87B87EEF2B07A9F600C226E4 /* TranslatorServiceTests.swift */; };
		87B87EF22B07AA2B00C226E4 /* TranslatorFakeResponseData.swift in Sources */ = {isa = PBXBuildFile; fileRef = 87B87EF12B07AA2B00C226E4 /* TranslatorFakeResponseData.swift */; };
		87B87EFA2B07D02100C226E4 /* WeatherTests.swift in Sources */ = {isa = PBXBuildFile; fileRef = 87B87EF92B07D02100C226E4 /* WeatherTests.swift */; };
		87B87EFC2B07D11500C226E4 /* FakeWeatherResponseData.swift in Sources */ = {isa = PBXBuildFile; fileRef = 87B87EFB2B07D11500C226E4 /* FakeWeatherResponseData.swift */; };
		87D746502AC2BB840078C662 /* AppDelegate.swift in Sources */ = {isa = PBXBuildFile; fileRef = 87D7464F2AC2BB840078C662 /* AppDelegate.swift */; };
		87D746522AC2BB840078C662 /* SceneDelegate.swift in Sources */ = {isa = PBXBuildFile; fileRef = 87D746512AC2BB840078C662 /* SceneDelegate.swift */; };
		87D746592AC2BB850078C662 /* Assets.xcassets in Resources */ = {isa = PBXBuildFile; fileRef = 87D746582AC2BB850078C662 /* Assets.xcassets */; };
		87D746672AC2BB860078C662 /* CurrencyTests.swift in Sources */ = {isa = PBXBuildFile; fileRef = 87D746662AC2BB860078C662 /* CurrencyTests.swift */; };
		87D746882AC2D4250078C662 /* LaunchScreen.storyboard in Resources */ = {isa = PBXBuildFile; fileRef = 87D746872AC2D4250078C662 /* LaunchScreen.storyboard */; };
		87D746892AC2E6FF0078C662 /* Main.storyboard in Resources */ = {isa = PBXBuildFile; fileRef = 87D7468B2AC2E6FF0078C662 /* Main.storyboard */; };
		87D7468D2AC31F8F0078C662 /* TranslatorViewController.swift in Sources */ = {isa = PBXBuildFile; fileRef = 87D7468C2AC31F8F0078C662 /* TranslatorViewController.swift */; };
		87D746902AC3233E0078C662 /* Languages.swift in Sources */ = {isa = PBXBuildFile; fileRef = 87D7468F2AC3233E0078C662 /* Languages.swift */; };
		87D746922AC3607D0078C662 /* TranslatorServiceFile.swift in Sources */ = {isa = PBXBuildFile; fileRef = 87D746912AC3607D0078C662 /* TranslatorServiceFile.swift */; };
		87D746942AC362370078C662 /* TranslatorServiceMapping.swift in Sources */ = {isa = PBXBuildFile; fileRef = 87D746932AC362370078C662 /* TranslatorServiceMapping.swift */; };
		87FBE9452AD4617700619525 /* WeatherServicesFile.swift in Sources */ = {isa = PBXBuildFile; fileRef = 87FBE9442AD4617700619525 /* WeatherServicesFile.swift */; };
		87FBE9472AD4638C00619525 /* WeatherStructs.swift in Sources */ = {isa = PBXBuildFile; fileRef = 87FBE9462AD4638C00619525 /* WeatherStructs.swift */; };
/* End PBXBuildFile section */

/* Begin PBXContainerItemProxy section */
		87D746632AC2BB860078C662 /* PBXContainerItemProxy */ = {
			isa = PBXContainerItemProxy;
			containerPortal = 87D746442AC2BB840078C662 /* Project object */;
			proxyType = 1;
			remoteGlobalIDString = 87D7464B2AC2BB840078C662;
			remoteInfo = lebaluchon;
		};
/* End PBXContainerItemProxy section */

/* Begin PBXFileReference section */
		870805202AF50BFB00A3E58E /* ActivityIndicatorAnimation.swift */ = {isa = PBXFileReference; lastKnownFileType = sourcecode.swift; path = ActivityIndicatorAnimation.swift; sourceTree = "<group>"; };
		8717A9A22AD9A0A800E4EE50 /* errors.swift */ = {isa = PBXFileReference; lastKnownFileType = sourcecode.swift; path = errors.swift; sourceTree = "<group>"; };
		8717A9A42AD9A3BC00E4EE50 /* UrlSessionFake.swift */ = {isa = PBXFileReference; lastKnownFileType = sourcecode.swift; path = UrlSessionFake.swift; sourceTree = "<group>"; };
		873C58CE2B4546B700F470E9 /* CurrencyViewControllerTest.swift */ = {isa = PBXFileReference; lastKnownFileType = sourcecode.swift; path = CurrencyViewControllerTest.swift; sourceTree = "<group>"; };
		873C58D62B454C6200F470E9 /* TranslatorFakeData.json */ = {isa = PBXFileReference; fileEncoding = 4; lastKnownFileType = text.json; path = TranslatorFakeData.json; sourceTree = "<group>"; };
		873C58DA2B454CBA00F470E9 /* WeatherFakeData.json */ = {isa = PBXFileReference; fileEncoding = 4; lastKnownFileType = text.json; name = WeatherFakeData.json; path = ../../../../Desktop/WeatherFakeData.json; sourceTree = "<group>"; };
		8742A0732B46A1A20053E7A2 /* CurrencyFakeRateData.json */ = {isa = PBXFileReference; fileEncoding = 4; lastKnownFileType = text.json; name = CurrencyFakeRateData.json; path = lebaluchonTests/json/CurrencyFakeRateData.json; sourceTree = SOURCE_ROOT; };
		8742A0782B46D77C0053E7A2 /* MockUserDefaults.swift */ = {isa = PBXFileReference; lastKnownFileType = sourcecode.swift; path = MockUserDefaults.swift; sourceTree = "<group>"; };
		8742A07A2B46F16C0053E7A2 /* ChangeRateTests.swift */ = {isa = PBXFileReference; lastKnownFileType = sourcecode.swift; path = ChangeRateTests.swift; sourceTree = "<group>"; };
		8742A07C2B4707DF0053E7A2 /* WeatherViewControllerTest.swift */ = {isa = PBXFileReference; lastKnownFileType = sourcecode.swift; path = WeatherViewControllerTest.swift; sourceTree = "<group>"; };
		876E98F92AE6FFE700EE954E /* ChangeRateService.swift */ = {isa = PBXFileReference; lastKnownFileType = sourcecode.swift; path = ChangeRateService.swift; sourceTree = "<group>"; };
		87799E082B0E67C400180B39 /* ChangeRate.swift */ = {isa = PBXFileReference; lastKnownFileType = sourcecode.swift; path = ChangeRate.swift; sourceTree = "<group>"; };
		879C84942AEC0CB700E37AC8 /* CurrencyViewController.swift */ = {isa = PBXFileReference; lastKnownFileType = sourcecode.swift; path = CurrencyViewController.swift; sourceTree = "<group>"; };
		87AF50DA2AC6C77500F3D5E6 /* WeatherViewController.swift */ = {isa = PBXFileReference; lastKnownFileType = sourcecode.swift; path = WeatherViewController.swift; sourceTree = "<group>"; };
		87B87EEC2B07A98500C226E4 /* FakeCurrencyResponseData.swift */ = {isa = PBXFileReference; lastKnownFileType = sourcecode.swift; path = FakeCurrencyResponseData.swift; sourceTree = "<group>"; };
		87B87EEF2B07A9F600C226E4 /* TranslatorServiceTests.swift */ = {isa = PBXFileReference; lastKnownFileType = sourcecode.swift; path = TranslatorServiceTests.swift; sourceTree = "<group>"; };
		87B87EF12B07AA2B00C226E4 /* TranslatorFakeResponseData.swift */ = {isa = PBXFileReference; lastKnownFileType = sourcecode.swift; path = TranslatorFakeResponseData.swift; sourceTree = "<group>"; };
		87B87EF92B07D02100C226E4 /* WeatherTests.swift */ = {isa = PBXFileReference; lastKnownFileType = sourcecode.swift; path = WeatherTests.swift; sourceTree = "<group>"; };
		87B87EFB2B07D11500C226E4 /* FakeWeatherResponseData.swift */ = {isa = PBXFileReference; lastKnownFileType = sourcecode.swift; path = FakeWeatherResponseData.swift; sourceTree = "<group>"; };
		87D56E982B446C4200AAD66E /* lebaluchon.xctestplan */ = {isa = PBXFileReference; lastKnownFileType = text; path = lebaluchon.xctestplan; sourceTree = "<group>"; };
		87D7464C2AC2BB840078C662 /* lebaluchon.app */ = {isa = PBXFileReference; explicitFileType = wrapper.application; includeInIndex = 0; path = lebaluchon.app; sourceTree = BUILT_PRODUCTS_DIR; };
		87D7464F2AC2BB840078C662 /* AppDelegate.swift */ = {isa = PBXFileReference; lastKnownFileType = sourcecode.swift; path = AppDelegate.swift; sourceTree = "<group>"; };
		87D746512AC2BB840078C662 /* SceneDelegate.swift */ = {isa = PBXFileReference; lastKnownFileType = sourcecode.swift; path = SceneDelegate.swift; sourceTree = "<group>"; };
		87D746582AC2BB850078C662 /* Assets.xcassets */ = {isa = PBXFileReference; lastKnownFileType = folder.assetcatalog; path = Assets.xcassets; sourceTree = "<group>"; };
		87D7465D2AC2BB850078C662 /* Info.plist */ = {isa = PBXFileReference; lastKnownFileType = text.plist.xml; path = Info.plist; sourceTree = "<group>"; };
		87D746622AC2BB860078C662 /* lebaluchonTests.xctest */ = {isa = PBXFileReference; explicitFileType = wrapper.cfbundle; includeInIndex = 0; path = lebaluchonTests.xctest; sourceTree = BUILT_PRODUCTS_DIR; };
		87D746662AC2BB860078C662 /* CurrencyTests.swift */ = {isa = PBXFileReference; lastKnownFileType = sourcecode.swift; path = CurrencyTests.swift; sourceTree = "<group>"; };
		87D746872AC2D4250078C662 /* LaunchScreen.storyboard */ = {isa = PBXFileReference; lastKnownFileType = file.storyboard; path = LaunchScreen.storyboard; sourceTree = "<group>"; };
		87D7468A2AC2E6FF0078C662 /* Base */ = {isa = PBXFileReference; lastKnownFileType = file.storyboard; name = Base; path = Base.lproj/Main.storyboard; sourceTree = "<group>"; };
		87D7468C2AC31F8F0078C662 /* TranslatorViewController.swift */ = {isa = PBXFileReference; lastKnownFileType = sourcecode.swift; path = TranslatorViewController.swift; sourceTree = "<group>"; };
		87D7468F2AC3233E0078C662 /* Languages.swift */ = {isa = PBXFileReference; lastKnownFileType = sourcecode.swift; path = Languages.swift; sourceTree = "<group>"; };
		87D746912AC3607D0078C662 /* TranslatorServiceFile.swift */ = {isa = PBXFileReference; lastKnownFileType = sourcecode.swift; path = TranslatorServiceFile.swift; sourceTree = "<group>"; };
		87D746932AC362370078C662 /* TranslatorServiceMapping.swift */ = {isa = PBXFileReference; lastKnownFileType = sourcecode.swift; path = TranslatorServiceMapping.swift; sourceTree = "<group>"; };
		87FBE9442AD4617700619525 /* WeatherServicesFile.swift */ = {isa = PBXFileReference; lastKnownFileType = sourcecode.swift; path = WeatherServicesFile.swift; sourceTree = "<group>"; };
		87FBE9462AD4638C00619525 /* WeatherStructs.swift */ = {isa = PBXFileReference; lastKnownFileType = sourcecode.swift; path = WeatherStructs.swift; sourceTree = "<group>"; };
/* End PBXFileReference section */

/* Begin PBXFrameworksBuildPhase section */
		87D746492AC2BB840078C662 /* Frameworks */ = {
			isa = PBXFrameworksBuildPhase;
			buildActionMask = 2147483647;
			files = (
			);
			runOnlyForDeploymentPostprocessing = 0;
		};
		87D7465F2AC2BB860078C662 /* Frameworks */ = {
			isa = PBXFrameworksBuildPhase;
			buildActionMask = 2147483647;
			files = (
			);
			runOnlyForDeploymentPostprocessing = 0;
		};
/* End PBXFrameworksBuildPhase section */

/* Begin PBXGroup section */
		8708051F2AF50BD400A3E58E /* ActivitiesIndicatorAnimation */ = {
			isa = PBXGroup;
			children = (
				870805202AF50BFB00A3E58E /* ActivityIndicatorAnimation.swift */,
			);
			path = ActivitiesIndicatorAnimation;
			sourceTree = "<group>";
		};
		876E98F82AE6FFCD00EE954E /* Currency */ = {
			isa = PBXGroup;
			children = (
				876E98F92AE6FFE700EE954E /* ChangeRateService.swift */,
				87799E082B0E67C400180B39 /* ChangeRate.swift */,
			);
			path = Currency;
			sourceTree = "<group>";
		};
		87799E0A2B0E6A8B00180B39 /* json */ = {
			isa = PBXGroup;
			children = (
				8742A0732B46A1A20053E7A2 /* CurrencyFakeRateData.json */,
				873C58DA2B454CBA00F470E9 /* WeatherFakeData.json */,
				873C58D62B454C6200F470E9 /* TranslatorFakeData.json */,
			);
			path = json;
			sourceTree = "<group>";
		};
		87B87EEB2B07A94E00C226E4 /* currencyTests */ = {
			isa = PBXGroup;
			children = (
				87D746662AC2BB860078C662 /* CurrencyTests.swift */,
				873C58CE2B4546B700F470E9 /* CurrencyViewControllerTest.swift */,
				87B87EEC2B07A98500C226E4 /* FakeCurrencyResponseData.swift */,
				8742A07A2B46F16C0053E7A2 /* ChangeRateTests.swift */,
			);
			path = currencyTests;
			sourceTree = "<group>";
		};
		87B87EEE2B07A9C800C226E4 /* translatorTests */ = {
			isa = PBXGroup;
			children = (
				87B87EEF2B07A9F600C226E4 /* TranslatorServiceTests.swift */,
				87B87EF12B07AA2B00C226E4 /* TranslatorFakeResponseData.swift */,
			);
			path = translatorTests;
			sourceTree = "<group>";
		};
		87B87EF82B07CFFC00C226E4 /* weatherTests */ = {
			isa = PBXGroup;
			children = (
				87B87EF92B07D02100C226E4 /* WeatherTests.swift */,
				87B87EFB2B07D11500C226E4 /* FakeWeatherResponseData.swift */,
				8742A07C2B4707DF0053E7A2 /* WeatherViewControllerTest.swift */,
			);
			path = weatherTests;
			sourceTree = "<group>";
		};
		87D746432AC2BB840078C662 = {
			isa = PBXGroup;
			children = (
				87D56E982B446C4200AAD66E /* lebaluchon.xctestplan */,
				87D7464E2AC2BB840078C662 /* lebaluchon */,
				87D746652AC2BB860078C662 /* lebaluchonTests */,
				87D7464D2AC2BB840078C662 /* Products */,
			);
			sourceTree = "<group>";
		};
		87D7464D2AC2BB840078C662 /* Products */ = {
			isa = PBXGroup;
			children = (
				87D7464C2AC2BB840078C662 /* lebaluchon.app */,
				87D746622AC2BB860078C662 /* lebaluchonTests.xctest */,
			);
			name = Products;
			sourceTree = "<group>";
		};
		87D7464E2AC2BB840078C662 /* lebaluchon */ = {
			isa = PBXGroup;
			children = (
				8708051F2AF50BD400A3E58E /* ActivitiesIndicatorAnimation */,
				87D746842AC2D4070078C662 /* View */,
				87D746812AC2BCC80078C662 /* Controller */,
				87D7467F2AC2BCB60078C662 /* Model */,
				87D746822AC2BCD70078C662 /* Utilities */,
				87D746832AC2BCF50078C662 /* Ressources */,
				87D7464F2AC2BB840078C662 /* AppDelegate.swift */,
				87D746512AC2BB840078C662 /* SceneDelegate.swift */,
				87D7465D2AC2BB850078C662 /* Info.plist */,
			);
			path = lebaluchon;
			sourceTree = "<group>";
		};
		87D746652AC2BB860078C662 /* lebaluchonTests */ = {
			isa = PBXGroup;
			children = (
				87799E0A2B0E6A8B00180B39 /* json */,
				87B87EEE2B07A9C800C226E4 /* translatorTests */,
				87B87EF82B07CFFC00C226E4 /* weatherTests */,
				87B87EEB2B07A94E00C226E4 /* currencyTests */,
				8717A9A42AD9A3BC00E4EE50 /* UrlSessionFake.swift */,
				8742A0782B46D77C0053E7A2 /* MockUserDefaults.swift */,
			);
			path = lebaluchonTests;
			sourceTree = "<group>";
		};
		87D7467F2AC2BCB60078C662 /* Model */ = {
			isa = PBXGroup;
			children = (
				876E98F82AE6FFCD00EE954E /* Currency */,
				87D746952AC419800078C662 /* WeatherNews */,
				87D7468E2AC3218D0078C662 /* Transator */,
			);
			path = Model;
			sourceTree = "<group>";
		};
		87D746812AC2BCC80078C662 /* Controller */ = {
			isa = PBXGroup;
			children = (
				87D7468C2AC31F8F0078C662 /* TranslatorViewController.swift */,
				87AF50DA2AC6C77500F3D5E6 /* WeatherViewController.swift */,
				879C84942AEC0CB700E37AC8 /* CurrencyViewController.swift */,
			);
			path = Controller;
			sourceTree = "<group>";
		};
		87D746822AC2BCD70078C662 /* Utilities */ = {
			isa = PBXGroup;
			children = (
				8717A9A22AD9A0A800E4EE50 /* errors.swift */,
			);
			path = Utilities;
			sourceTree = "<group>";
		};
		87D746832AC2BCF50078C662 /* Ressources */ = {
			isa = PBXGroup;
			children = (
				87D746582AC2BB850078C662 /* Assets.xcassets */,
			);
			path = Ressources;
			sourceTree = "<group>";
		};
		87D746842AC2D4070078C662 /* View */ = {
			isa = PBXGroup;
			children = (
				87D7468B2AC2E6FF0078C662 /* Main.storyboard */,
				87D746872AC2D4250078C662 /* LaunchScreen.storyboard */,
			);
			path = View;
			sourceTree = "<group>";
		};
		87D7468E2AC3218D0078C662 /* Transator */ = {
			isa = PBXGroup;
			children = (
				87D7468F2AC3233E0078C662 /* Languages.swift */,
				87D746912AC3607D0078C662 /* TranslatorServiceFile.swift */,
				87D746932AC362370078C662 /* TranslatorServiceMapping.swift */,
			);
			path = Transator;
			sourceTree = "<group>";
		};
		87D746952AC419800078C662 /* WeatherNews */ = {
			isa = PBXGroup;
			children = (
				87FBE9442AD4617700619525 /* WeatherServicesFile.swift */,
				87FBE9462AD4638C00619525 /* WeatherStructs.swift */,
			);
			path = WeatherNews;
			sourceTree = "<group>";
		};
/* End PBXGroup section */

/* Begin PBXNativeTarget section */
		87D7464B2AC2BB840078C662 /* lebaluchon */ = {
			isa = PBXNativeTarget;
			buildConfigurationList = 87D746762AC2BB860078C662 /* Build configuration list for PBXNativeTarget "lebaluchon" */;
			buildPhases = (
				87D746482AC2BB840078C662 /* Sources */,
				87D746492AC2BB840078C662 /* Frameworks */,
				87D7464A2AC2BB840078C662 /* Resources */,
			);
			buildRules = (
			);
			dependencies = (
			);
			name = lebaluchon;
			productName = lebaluchon;
			productReference = 87D7464C2AC2BB840078C662 /* lebaluchon.app */;
			productType = "com.apple.product-type.application";
		};
		87D746612AC2BB860078C662 /* lebaluchonTests */ = {
			isa = PBXNativeTarget;
			buildConfigurationList = 87D746792AC2BB860078C662 /* Build configuration list for PBXNativeTarget "lebaluchonTests" */;
			buildPhases = (
				87D7465E2AC2BB860078C662 /* Sources */,
				87D7465F2AC2BB860078C662 /* Frameworks */,
				87D746602AC2BB860078C662 /* Resources */,
			);
			buildRules = (
			);
			dependencies = (
				87D746642AC2BB860078C662 /* PBXTargetDependency */,
			);
			name = lebaluchonTests;
			productName = lebaluchonTests;
			productReference = 87D746622AC2BB860078C662 /* lebaluchonTests.xctest */;
			productType = "com.apple.product-type.bundle.unit-test";
		};
/* End PBXNativeTarget section */

/* Begin PBXProject section */
		87D746442AC2BB840078C662 /* Project object */ = {
			isa = PBXProject;
			attributes = {
				BuildIndependentTargetsInParallel = 1;
				LastSwiftUpdateCheck = 1430;
				LastUpgradeCheck = 1500;
				TargetAttributes = {
					87D7464B2AC2BB840078C662 = {
						CreatedOnToolsVersion = 14.3.1;
					};
					87D746612AC2BB860078C662 = {
						CreatedOnToolsVersion = 14.3.1;
						TestTargetID = 87D7464B2AC2BB840078C662;
					};
				};
			};
			buildConfigurationList = 87D746472AC2BB840078C662 /* Build configuration list for PBXProject "lebaluchon" */;
			compatibilityVersion = "Xcode 14.0";
			developmentRegion = en;
			hasScannedForEncodings = 0;
			knownRegions = (
				en,
				Base,
			);
			mainGroup = 87D746432AC2BB840078C662;
			productRefGroup = 87D7464D2AC2BB840078C662 /* Products */;
			projectDirPath = "";
			projectRoot = "";
			targets = (
				87D7464B2AC2BB840078C662 /* lebaluchon */,
				87D746612AC2BB860078C662 /* lebaluchonTests */,
			);
		};
/* End PBXProject section */

/* Begin PBXResourcesBuildPhase section */
		87D7464A2AC2BB840078C662 /* Resources */ = {
			isa = PBXResourcesBuildPhase;
			buildActionMask = 2147483647;
			files = (
				8742A0752B46A1B50053E7A2 /* CurrencyFakeRateData.json in Resources */,
				87D746882AC2D4250078C662 /* LaunchScreen.storyboard in Resources */,
				87D746592AC2BB850078C662 /* Assets.xcassets in Resources */,
				87D746892AC2E6FF0078C662 /* Main.storyboard in Resources */,
			);
			runOnlyForDeploymentPostprocessing = 0;
		};
		87D746602AC2BB860078C662 /* Resources */ = {
			isa = PBXResourcesBuildPhase;
			buildActionMask = 2147483647;
			files = (
				873C58DB2B454CBA00F470E9 /* WeatherFakeData.json in Resources */,
				8742A0742B46A1A20053E7A2 /* CurrencyFakeRateData.json in Resources */,
				873C58D92B454C6200F470E9 /* TranslatorFakeData.json in Resources */,
			);
			runOnlyForDeploymentPostprocessing = 0;
		};
/* End PBXResourcesBuildPhase section */

/* Begin PBXSourcesBuildPhase section */
		87D746482AC2BB840078C662 /* Sources */ = {
			isa = PBXSourcesBuildPhase;
			buildActionMask = 2147483647;
			files = (
				87FBE9452AD4617700619525 /* WeatherServicesFile.swift in Sources */,
				87D746922AC3607D0078C662 /* TranslatorServiceFile.swift in Sources */,
				879C84952AEC0CB700E37AC8 /* CurrencyViewController.swift in Sources */,
				87799E092B0E67C400180B39 /* ChangeRate.swift in Sources */,
				87D746502AC2BB840078C662 /* AppDelegate.swift in Sources */,
				87D7468D2AC31F8F0078C662 /* TranslatorViewController.swift in Sources */,
				87D746522AC2BB840078C662 /* SceneDelegate.swift in Sources */,
				8717A9A32AD9A0A800E4EE50 /* errors.swift in Sources */,
				876E98FA2AE6FFE700EE954E /* ChangeRateService.swift in Sources */,
				870805212AF50BFB00A3E58E /* ActivityIndicatorAnimation.swift in Sources */,
				87AF50DB2AC6C77500F3D5E6 /* WeatherViewController.swift in Sources */,
				87D746902AC3233E0078C662 /* Languages.swift in Sources */,
				87D746942AC362370078C662 /* TranslatorServiceMapping.swift in Sources */,
				87FBE9472AD4638C00619525 /* WeatherStructs.swift in Sources */,
			);
			runOnlyForDeploymentPostprocessing = 0;
		};
		87D7465E2AC2BB860078C662 /* Sources */ = {
			isa = PBXSourcesBuildPhase;
			buildActionMask = 2147483647;
			files = (
				87B87EFA2B07D02100C226E4 /* WeatherTests.swift in Sources */,
				87D746672AC2BB860078C662 /* CurrencyTests.swift in Sources */,
				873C58CF2B4546B700F470E9 /* CurrencyViewControllerTest.swift in Sources */,
				87B87EF02B07A9F600C226E4 /* TranslatorServiceTests.swift in Sources */,
				87B87EEA2B07A88000C226E4 /* UrlSessionFake.swift in Sources */,
				8742A07B2B46F16C0053E7A2 /* ChangeRateTests.swift in Sources */,
				8742A0792B46D77C0053E7A2 /* MockUserDefaults.swift in Sources */,
				8742A07D2B4707DF0053E7A2 /* WeatherViewControllerTest.swift in Sources */,
				87B87EFC2B07D11500C226E4 /* FakeWeatherResponseData.swift in Sources */,
				87B87EF22B07AA2B00C226E4 /* TranslatorFakeResponseData.swift in Sources */,
				87B87EED2B07A98500C226E4 /* FakeCurrencyResponseData.swift in Sources */,
			);
			runOnlyForDeploymentPostprocessing = 0;
		};
/* End PBXSourcesBuildPhase section */

/* Begin PBXTargetDependency section */
		87D746642AC2BB860078C662 /* PBXTargetDependency */ = {
			isa = PBXTargetDependency;
			target = 87D7464B2AC2BB840078C662 /* lebaluchon */;
			targetProxy = 87D746632AC2BB860078C662 /* PBXContainerItemProxy */;
		};
/* End PBXTargetDependency section */

/* Begin PBXVariantGroup section */
		87D7468B2AC2E6FF0078C662 /* Main.storyboard */ = {
			isa = PBXVariantGroup;
			children = (
				87D7468A2AC2E6FF0078C662 /* Base */,
			);
			name = Main.storyboard;
			sourceTree = "<group>";
		};
/* End PBXVariantGroup section */

/* Begin XCBuildConfiguration section */
		87D746742AC2BB860078C662 /* Debug */ = {
			isa = XCBuildConfiguration;
			buildSettings = {
				ALWAYS_SEARCH_USER_PATHS = NO;
				ASSETCATALOG_COMPILER_GENERATE_SWIFT_ASSET_SYMBOL_EXTENSIONS = YES;
				CLANG_ANALYZER_NONNULL = YES;
				CLANG_ANALYZER_NUMBER_OBJECT_CONVERSION = YES_AGGRESSIVE;
				CLANG_CXX_LANGUAGE_STANDARD = "gnu++20";
				CLANG_ENABLE_MODULES = YES;
				CLANG_ENABLE_OBJC_ARC = YES;
				CLANG_ENABLE_OBJC_WEAK = YES;
				CLANG_WARN_BLOCK_CAPTURE_AUTORELEASING = YES;
				CLANG_WARN_BOOL_CONVERSION = YES;
				CLANG_WARN_COMMA = YES;
				CLANG_WARN_CONSTANT_CONVERSION = YES;
				CLANG_WARN_DEPRECATED_OBJC_IMPLEMENTATIONS = YES;
				CLANG_WARN_DIRECT_OBJC_ISA_USAGE = YES_ERROR;
				CLANG_WARN_DOCUMENTATION_COMMENTS = YES;
				CLANG_WARN_EMPTY_BODY = YES;
				CLANG_WARN_ENUM_CONVERSION = YES;
				CLANG_WARN_INFINITE_RECURSION = YES;
				CLANG_WARN_INT_CONVERSION = YES;
				CLANG_WARN_NON_LITERAL_NULL_CONVERSION = YES;
				CLANG_WARN_OBJC_IMPLICIT_RETAIN_SELF = YES;
				CLANG_WARN_OBJC_LITERAL_CONVERSION = YES;
				CLANG_WARN_OBJC_ROOT_CLASS = YES_ERROR;
				CLANG_WARN_QUOTED_INCLUDE_IN_FRAMEWORK_HEADER = YES;
				CLANG_WARN_RANGE_LOOP_ANALYSIS = YES;
				CLANG_WARN_STRICT_PROTOTYPES = YES;
				CLANG_WARN_SUSPICIOUS_MOVE = YES;
				CLANG_WARN_UNGUARDED_AVAILABILITY = YES_AGGRESSIVE;
				CLANG_WARN_UNREACHABLE_CODE = YES;
				CLANG_WARN__DUPLICATE_METHOD_MATCH = YES;
				COPY_PHASE_STRIP = NO;
				DEBUG_INFORMATION_FORMAT = dwarf;
				ENABLE_STRICT_OBJC_MSGSEND = YES;
				ENABLE_TESTABILITY = YES;
				ENABLE_USER_SCRIPT_SANDBOXING = YES;
				GCC_C_LANGUAGE_STANDARD = gnu11;
				GCC_DYNAMIC_NO_PIC = NO;
				GCC_NO_COMMON_BLOCKS = YES;
				GCC_OPTIMIZATION_LEVEL = 0;
				GCC_PREPROCESSOR_DEFINITIONS = (
					"DEBUG=1",
					"$(inherited)",
				);
				GCC_WARN_64_TO_32_BIT_CONVERSION = YES;
				GCC_WARN_ABOUT_RETURN_TYPE = YES_ERROR;
				GCC_WARN_UNDECLARED_SELECTOR = YES;
				GCC_WARN_UNINITIALIZED_AUTOS = YES_AGGRESSIVE;
				GCC_WARN_UNUSED_FUNCTION = YES;
				GCC_WARN_UNUSED_VARIABLE = YES;
				IPHONEOS_DEPLOYMENT_TARGET = 16.4;
				MTL_ENABLE_DEBUG_INFO = INCLUDE_SOURCE;
				MTL_FAST_MATH = YES;
				ONLY_ACTIVE_ARCH = YES;
				SDKROOT = iphoneos;
				SWIFT_ACTIVE_COMPILATION_CONDITIONS = DEBUG;
				SWIFT_OPTIMIZATION_LEVEL = "-Onone";
			};
			name = Debug;
		};
		87D746752AC2BB860078C662 /* Release */ = {
			isa = XCBuildConfiguration;
			buildSettings = {
				ALWAYS_SEARCH_USER_PATHS = NO;
				ASSETCATALOG_COMPILER_GENERATE_SWIFT_ASSET_SYMBOL_EXTENSIONS = YES;
				CLANG_ANALYZER_NONNULL = YES;
				CLANG_ANALYZER_NUMBER_OBJECT_CONVERSION = YES_AGGRESSIVE;
				CLANG_CXX_LANGUAGE_STANDARD = "gnu++20";
				CLANG_ENABLE_MODULES = YES;
				CLANG_ENABLE_OBJC_ARC = YES;
				CLANG_ENABLE_OBJC_WEAK = YES;
				CLANG_WARN_BLOCK_CAPTURE_AUTORELEASING = YES;
				CLANG_WARN_BOOL_CONVERSION = YES;
				CLANG_WARN_COMMA = YES;
				CLANG_WARN_CONSTANT_CONVERSION = YES;
				CLANG_WARN_DEPRECATED_OBJC_IMPLEMENTATIONS = YES;
				CLANG_WARN_DIRECT_OBJC_ISA_USAGE = YES_ERROR;
				CLANG_WARN_DOCUMENTATION_COMMENTS = YES;
				CLANG_WARN_EMPTY_BODY = YES;
				CLANG_WARN_ENUM_CONVERSION = YES;
				CLANG_WARN_INFINITE_RECURSION = YES;
				CLANG_WARN_INT_CONVERSION = YES;
				CLANG_WARN_NON_LITERAL_NULL_CONVERSION = YES;
				CLANG_WARN_OBJC_IMPLICIT_RETAIN_SELF = YES;
				CLANG_WARN_OBJC_LITERAL_CONVERSION = YES;
				CLANG_WARN_OBJC_ROOT_CLASS = YES_ERROR;
				CLANG_WARN_QUOTED_INCLUDE_IN_FRAMEWORK_HEADER = YES;
				CLANG_WARN_RANGE_LOOP_ANALYSIS = YES;
				CLANG_WARN_STRICT_PROTOTYPES = YES;
				CLANG_WARN_SUSPICIOUS_MOVE = YES;
				CLANG_WARN_UNGUARDED_AVAILABILITY = YES_AGGRESSIVE;
				CLANG_WARN_UNREACHABLE_CODE = YES;
				CLANG_WARN__DUPLICATE_METHOD_MATCH = YES;
				COPY_PHASE_STRIP = NO;
				DEBUG_INFORMATION_FORMAT = "dwarf-with-dsym";
				ENABLE_NS_ASSERTIONS = NO;
				ENABLE_STRICT_OBJC_MSGSEND = YES;
				ENABLE_USER_SCRIPT_SANDBOXING = YES;
				GCC_C_LANGUAGE_STANDARD = gnu11;
				GCC_NO_COMMON_BLOCKS = YES;
				GCC_WARN_64_TO_32_BIT_CONVERSION = YES;
				GCC_WARN_ABOUT_RETURN_TYPE = YES_ERROR;
				GCC_WARN_UNDECLARED_SELECTOR = YES;
				GCC_WARN_UNINITIALIZED_AUTOS = YES_AGGRESSIVE;
				GCC_WARN_UNUSED_FUNCTION = YES;
				GCC_WARN_UNUSED_VARIABLE = YES;
				IPHONEOS_DEPLOYMENT_TARGET = 16.4;
				MTL_ENABLE_DEBUG_INFO = NO;
				MTL_FAST_MATH = YES;
				SDKROOT = iphoneos;
				SWIFT_COMPILATION_MODE = wholemodule;
				SWIFT_OPTIMIZATION_LEVEL = "-O";
				VALIDATE_PRODUCT = YES;
			};
			name = Release;
		};
		87D746772AC2BB860078C662 /* Debug */ = {
			isa = XCBuildConfiguration;
			buildSettings = {
				ASSETCATALOG_COMPILER_APPICON_NAME = AppIcon;
				ASSETCATALOG_COMPILER_GLOBAL_ACCENT_COLOR_NAME = AccentColor;
				ASSETCATALOG_COMPILER_INCLUDE_ALL_APPICON_ASSETS = YES;
				CODE_SIGN_STYLE = Automatic;
				CURRENT_PROJECT_VERSION = 1;
				DEVELOPMENT_TEAM = KMMD247NN3;
				GENERATE_INFOPLIST_FILE = YES;
				INFOPLIST_FILE = lebaluchon/Info.plist;
				INFOPLIST_KEY_LSApplicationCategoryType = "public.app-category.travel";
				INFOPLIST_KEY_UIApplicationSupportsIndirectInputEvents = YES;
				INFOPLIST_KEY_UILaunchStoryboardName = LaunchScreen;
				INFOPLIST_KEY_UIMainStoryboardFile = Main;
				INFOPLIST_KEY_UISupportedInterfaceOrientations = UIInterfaceOrientationPortrait;
				INFOPLIST_KEY_UISupportedInterfaceOrientations_iPad = "UIInterfaceOrientationLandscapeLeft UIInterfaceOrientationLandscapeRight UIInterfaceOrientationPortrait UIInterfaceOrientationPortraitUpsideDown";
				IPHONEOS_DEPLOYMENT_TARGET = 14.0;
				LD_RUNPATH_SEARCH_PATHS = (
					"$(inherited)",
					"@executable_path/Frameworks",
				);
				MARKETING_VERSION = 1.0;
				PRODUCT_BUNDLE_IDENTIFIER = com.elodiegage.lebaluchon;
				PRODUCT_NAME = "$(TARGET_NAME)";
				SUPPORTED_PLATFORMS = "iphoneos iphonesimulator";
				SUPPORTS_MACCATALYST = NO;
				SUPPORTS_MAC_DESIGNED_FOR_IPHONE_IPAD = NO;
				SWIFT_EMIT_LOC_STRINGS = YES;
				SWIFT_VERSION = 5.0;
				TARGETED_DEVICE_FAMILY = 1;
			};
			name = Debug;
		};
		87D746782AC2BB860078C662 /* Release */ = {
			isa = XCBuildConfiguration;
			buildSettings = {
				ASSETCATALOG_COMPILER_APPICON_NAME = AppIcon;
				ASSETCATALOG_COMPILER_GLOBAL_ACCENT_COLOR_NAME = AccentColor;
				ASSETCATALOG_COMPILER_INCLUDE_ALL_APPICON_ASSETS = YES;
				CODE_SIGN_STYLE = Automatic;
				CURRENT_PROJECT_VERSION = 1;
				DEVELOPMENT_TEAM = KMMD247NN3;
				GENERATE_INFOPLIST_FILE = YES;
				INFOPLIST_FILE = lebaluchon/Info.plist;
				INFOPLIST_KEY_LSApplicationCategoryType = "public.app-category.travel";
				INFOPLIST_KEY_UIApplicationSupportsIndirectInputEvents = YES;
				INFOPLIST_KEY_UILaunchStoryboardName = LaunchScreen;
				INFOPLIST_KEY_UIMainStoryboardFile = Main;
				INFOPLIST_KEY_UISupportedInterfaceOrientations = UIInterfaceOrientationPortrait;
				INFOPLIST_KEY_UISupportedInterfaceOrientations_iPad = "UIInterfaceOrientationLandscapeLeft UIInterfaceOrientationLandscapeRight UIInterfaceOrientationPortrait UIInterfaceOrientationPortraitUpsideDown";
				IPHONEOS_DEPLOYMENT_TARGET = 14.0;
				LD_RUNPATH_SEARCH_PATHS = (
					"$(inherited)",
					"@executable_path/Frameworks",
				);
				MARKETING_VERSION = 1.0;
				PRODUCT_BUNDLE_IDENTIFIER = com.elodiegage.lebaluchon;
				PRODUCT_NAME = "$(TARGET_NAME)";
				SUPPORTED_PLATFORMS = "iphoneos iphonesimulator";
				SUPPORTS_MACCATALYST = NO;
				SUPPORTS_MAC_DESIGNED_FOR_IPHONE_IPAD = NO;
				SWIFT_EMIT_LOC_STRINGS = YES;
				SWIFT_VERSION = 5.0;
				TARGETED_DEVICE_FAMILY = 1;
			};
			name = Release;
		};
		87D7467A2AC2BB860078C662 /* Debug */ = {
			isa = XCBuildConfiguration;
			buildSettings = {
				ALWAYS_EMBED_SWIFT_STANDARD_LIBRARIES = YES;
				BUNDLE_LOADER = "$(TEST_HOST)";
				CODE_SIGN_STYLE = Automatic;
				CURRENT_PROJECT_VERSION = 1;
				DEVELOPMENT_TEAM = KMMD247NN3;
				GENERATE_INFOPLIST_FILE = YES;
				IPHONEOS_DEPLOYMENT_TARGET = 16.4;
				MARKETING_VERSION = 1.0;
				PRODUCT_BUNDLE_IDENTIFIER = com.elodiegage.lebaluchonTests;
				PRODUCT_NAME = "$(TARGET_NAME)";
				SUPPORTED_PLATFORMS = "iphoneos iphonesimulator";
				SUPPORTS_MACCATALYST = NO;
				SUPPORTS_MAC_DESIGNED_FOR_IPHONE_IPAD = NO;
				SWIFT_EMIT_LOC_STRINGS = NO;
				SWIFT_VERSION = 5.0;
				TARGETED_DEVICE_FAMILY = 1;
				TEST_HOST = "$(BUILT_PRODUCTS_DIR)/lebaluchon.app/$(BUNDLE_EXECUTABLE_FOLDER_PATH)/lebaluchon";
			};
			name = Debug;
		};
		87D7467B2AC2BB860078C662 /* Release */ = {
			isa = XCBuildConfiguration;
			buildSettings = {
				ALWAYS_EMBED_SWIFT_STANDARD_LIBRARIES = YES;
				BUNDLE_LOADER = "$(TEST_HOST)";
				CODE_SIGN_STYLE = Automatic;
				CURRENT_PROJECT_VERSION = 1;
				DEVELOPMENT_TEAM = KMMD247NN3;
				GENERATE_INFOPLIST_FILE = YES;
				IPHONEOS_DEPLOYMENT_TARGET = 16.4;
				MARKETING_VERSION = 1.0;
				PRODUCT_BUNDLE_IDENTIFIER = com.elodiegage.lebaluchonTests;
				PRODUCT_NAME = "$(TARGET_NAME)";
				SUPPORTED_PLATFORMS = "iphoneos iphonesimulator";
				SUPPORTS_MACCATALYST = NO;
				SUPPORTS_MAC_DESIGNED_FOR_IPHONE_IPAD = NO;
				SWIFT_EMIT_LOC_STRINGS = NO;
				SWIFT_VERSION = 5.0;
				TARGETED_DEVICE_FAMILY = 1;
				TEST_HOST = "$(BUILT_PRODUCTS_DIR)/lebaluchon.app/$(BUNDLE_EXECUTABLE_FOLDER_PATH)/lebaluchon";
			};
			name = Release;
		};
/* End XCBuildConfiguration section */

/* Begin XCConfigurationList section */
		87D746472AC2BB840078C662 /* Build configuration list for PBXProject "lebaluchon" */ = {
			isa = XCConfigurationList;
			buildConfigurations = (
				87D746742AC2BB860078C662 /* Debug */,
				87D746752AC2BB860078C662 /* Release */,
			);
			defaultConfigurationIsVisible = 0;
			defaultConfigurationName = Release;
		};
		87D746762AC2BB860078C662 /* Build configuration list for PBXNativeTarget "lebaluchon" */ = {
			isa = XCConfigurationList;
			buildConfigurations = (
				87D746772AC2BB860078C662 /* Debug */,
				87D746782AC2BB860078C662 /* Release */,
			);
			defaultConfigurationIsVisible = 0;
			defaultConfigurationName = Release;
		};
		87D746792AC2BB860078C662 /* Build configuration list for PBXNativeTarget "lebaluchonTests" */ = {
			isa = XCConfigurationList;
			buildConfigurations = (
				87D7467A2AC2BB860078C662 /* Debug */,
				87D7467B2AC2BB860078C662 /* Release */,
			);
			defaultConfigurationIsVisible = 0;
			defaultConfigurationName = Release;
		};
/* End XCConfigurationList section */
	};
	rootObject = 87D746442AC2BB840078C662 /* Project object */;
}
